# This file is automatically @generated by Cargo.
# It is not intended for manual editing.
version = 4

[[package]]
name = "ab_glyph"
version = "0.2.31"
source = "registry+https://github.com/rust-lang/crates.io-index"
checksum = "e074464580a518d16a7126262fffaaa47af89d4099d4cb403f8ed938ba12ee7d"
dependencies = [
 "ab_glyph_rasterizer",
 "libm",
 "owned_ttf_parser",
]

[[package]]
name = "ab_glyph_rasterizer"
version = "0.1.10"
source = "registry+https://github.com/rust-lang/crates.io-index"
checksum = "366ffbaa4442f4684d91e2cd7c5ea7c4ed8add41959a31447066e279e432b618"
dependencies = [
 "libm",
]

[[package]]
name = "arrayvec"
version = "0.7.6"
source = "registry+https://github.com/rust-lang/crates.io-index"
checksum = "7c02d123df017efcdfbd739ef81735b36c5ba83ec3c59c80a9d7ecc718f92e50"

[[package]]
name = "base64ct"
version = "1.8.0"
source = "registry+https://github.com/rust-lang/crates.io-index"
checksum = "55248b47b0caf0546f7988906588779981c43bb1bc9d0c44087278f80cdb44ba"

[[package]]
name = "bitflags"
version = "2.9.4"
source = "registry+https://github.com/rust-lang/crates.io-index"
checksum = "2261d10cca569e4643e526d8dc2e62e433cc8aba21ab764233731f8d369bf394"

[[package]]
name = "core_maths"
version = "0.1.1"
source = "registry+https://github.com/rust-lang/crates.io-index"
checksum = "77745e017f5edba1a9c1d854f6f3a52dac8a12dd5af5d2f54aecf61e43d80d30"
dependencies = [
 "libm",
]

[[package]]
name = "cursor-icon"
version = "1.2.0"
source = "registry+https://github.com/rust-lang/crates.io-index"
checksum = "f27ae1dd37df86211c42e150270f82743308803d90a6f6e6651cd730d5e1732f"

[[package]]
name = "libm"
version = "0.2.15"
source = "registry+https://github.com/rust-lang/crates.io-index"
checksum = "f9fbbcab51052fe104eb5e5d351cf728d30a5be1fe14d9be8a3b097481fb97de"

[[package]]
name = "libos-terminal"
version = "0.0.0"
dependencies = [
 "os-terminal",
]

[[package]]
name = "log"
version = "0.4.28"
source = "registry+https://github.com/rust-lang/crates.io-index"
checksum = "34080505efa8e45a4b816c349525ebe327ceaa8559756f0356cba97ef3bf7432"

[[package]]
name = "memchr"
version = "2.7.5"
source = "registry+https://github.com/rust-lang/crates.io-index"
checksum = "32a282da65faaf38286cf3be983213fcf1d2e2a58700e808f83f4ea9a4804bc0"

[[package]]
name = "os-terminal"
version = "0.6.11"
source = "registry+https://github.com/rust-lang/crates.io-index"
checksum = "f46e14036c243ecd7efef528017a717ea2280fd88439162bb48bef7c725e4b64"
dependencies = [
 "ab_glyph",
 "base64ct",
 "bitflags",
 "pc-keyboard",
 "unicode-width",
 "vte",
]

[[package]]
name = "owned_ttf_parser"
version = "0.25.1"
source = "registry+https://github.com/rust-lang/crates.io-index"
checksum = "36820e9051aca1014ddc75770aab4d68bc1e9e632f0f5627c4086bc216fb583b"
dependencies = [
 "ttf-parser",
]

[[package]]
name = "pc-keyboard"
version = "0.8.0"
source = "registry+https://github.com/rust-lang/crates.io-index"
checksum = "f0ca629cbb3f0d5b699c338f0129ff78c9bfd7ea8b1258ad529bff490dc8ed5a"

[[package]]
name = "ttf-parser"
version = "0.25.1"
source = "registry+https://github.com/rust-lang/crates.io-index"
checksum = "d2df906b07856748fa3f6e0ad0cbaa047052d4a7dd609e231c4f72cee8c36f31"
dependencies = [
 "core_maths",
]

[[package]]
name = "unicode-width"
version = "0.2.1"
source = "registry+https://github.com/rust-lang/crates.io-index"
checksum = "4a1a07cc7db3810833284e8d372ccdc6da29741639ecc70c9ec107df0fa6154c"

[[package]]
name = "vte"
version = "0.15.0"
source = "registry+https://github.com/rust-lang/crates.io-index"
checksum = "a5924018406ce0063cd67f8e008104968b74b563ee1b85dde3ed1f7cb87d3dbd"
dependencies = [
 "arrayvec",
 "bitflags",
 "cursor-icon",
 "log",
 "memchr",
]
